Microsoft Visual Studio Solution File, Format Version 12.00
# Visual Studio Version 17
VisualStudioVersion = 17.5.2.0
MinimumVisualStudioVersion = 10.0.40219.1
Project("{FAE04EC0-301F-11D3-BF4B-00C04F79EFBC}") = "Newspaper", "Newspaper.csproj", "{B081B8DB-D4C6-27AD-4404-E73AFD68A61B}"
EndProject
Global
	GlobalSection(SolutionConfigurationPlatforms) = preSolution
		Debug|Any CPU = Debug|Any CPU
		Release|Any CPU = Release|Any CPU
	EndGlobalSection
	GlobalSection(ProjectConfigurationPlatforms) = postSolution
		{B081B8DB-D4C6-27AD-4404-E73AFD68A61B}.Debug|Any CPU.ActiveCfg = Debug|Any CPU
		{B081B8DB-D4C6-27AD-4404-E73AFD68A61B}.Debug|Any CPU.Build.0 = Debug|Any CPU
		{B081B8DB-D4C6-27AD-4404-E73AFD68A61B}.Release|Any CPU.ActiveCfg = Release|Any CPU
		{B081B8DB-D4C6-27AD-4404-E73AFD68A61B}.Release|Any CPU.Build.0 = Release|Any CPU
	EndGlobalSection
	GlobalSection(SolutionProperties) = preSolution
		HideSolutionNode = FALSE
	EndGlobalSection
	GlobalSection(ExtensibilityGlobals) = postSolution
		SolutionGuid = {C854B284-1BF1-4B16-A509-185899CD929B}
	EndGlobalSection
EndGlobal
